{
	"name": "testproj",
	"version": "0.0.1",
	"lockfileVersion": 1,
	"requires": true,
	"dependencies": {
		"i18n-js": {
			"version": "3.0.2",
			"resolved": "https://registry.npmjs.org/i18n-js/-/i18n-js-3.0.2.tgz",
			"integrity": "sha1-0Uz/JWJ1jn0w003dWN0S1T/Qe18="
		},
		"react-native-i18n": {
			"version": "2.0.9",
			"resolved": "https://registry.npmjs.org/react-native-i18n/-/react-native-i18n-2.0.9.tgz",
			"integrity": "sha512-aHaXLvvEHwsSLLuK+IeE2plWyAXFwbCIEDsTrQZAN73iUFetZZfD97GkCWi+/yWfLQPlFHaMGJbGkd6fIUDaxA==",
			"requires": {
				"i18n-js": "3.0.2"
			}
		}
	}
}
